
Microsoft Visual Studio Solution File, Format Version 12.00
# Visual Studio Version 17
VisualStudioVersion = 17.10.35122.118
MinimumVisualStudioVersion = 10.0.40219.1
Project("{FAE04EC0-301F-11D3-BF4B-00C04F79EFBC}") = "TermpTest", "TermpTest.csproj", "{80A56BE0-43E5-4DC1-BBC3-8CAEEC92D230}"
EndProject
Global
	GlobalSection(SolutionConfigurationPlatforms) = preSolution
		Debug|Any CPU = Debug|Any CPU
		Release|Any CPU = Release|Any CPU
	EndGlobalSection
	GlobalSection(ProjectConfigurationPlatforms) = postSolution
		{80A56BE0-43E5-4DC1-BBC3-8CAEEC92D230}.Debug|Any CPU.ActiveCfg = Debug|Any CPU
		{80A56BE0-43E5-4DC1-BBC3-8CAEEC92D230}.Debug|Any CPU.Build.0 = Debug|Any CPU
		{80A56BE0-43E5-4DC1-BBC3-8CAEEC92D230}.Release|Any CPU.ActiveCfg = Release|Any CPU
		{80A56BE0-43E5-4DC1-BBC3-8CAEEC92D230}.Release|Any CPU.Build.0 = Release|Any CPU
	EndGlobalSection
	GlobalSection(SolutionProperties) = preSolution
		HideSolutionNode = FALSE
	EndGlobalSection
	GlobalSection(ExtensibilityGlobals) = postSolution
		SolutionGuid = {B3B64411-5FC7-49C9-BC7C-FF0CC9D027E4}
	EndGlobalSection
EndGlobal
